<?xml version="1.0" encoding="UTF-8" standalone="yes" ?>
<CodeBlocks_project_file>
	<FileVersion major="1" minor="6" />
	<Project>
		<Option title="3DS" />
		<Option makefile_is_custom="1" />
		<Option pch_mode="2" />
		<Option compiler="gcc" />
		<Build>
			<Target title="release">
				<Option type="4" />
				<Option compiler="gcc" />
				<MakeCommands>
					<Build command="$make -f $makefile" />
					<CompileFile command="$make -f $makefile source/$file" />
					<Clean command="$make -f $makefile clean" />
					<DistClean command="$make -f $makefile distclean$target" />
					<AskRebuildNeeded command="$make -q -f $makefile $target" />
					<SilentBuild command="$make -f $makefile &gt; $(CMD_NULL)" />
				</MakeCommands>
			</Target>
			<Target title="3dsx">
				<Option type="4" />
				<Option compiler="gcc" />
				<Compiler>
					<Add option="-O2" />
				</Compiler>
				<Linker>
					<Add option="-s" />
				</Linker>
				<MakeCommands>
					<Build command="$make -f $makefile $target" />
					<CompileFile command="$make -f $makefile source/$file" />
					<Clean command="$make -f $makefile clean" />
					<DistClean command="$make -f $makefile distclean$target" />
					<AskRebuildNeeded command="$make -q -f $makefile $target" />
					<SilentBuild command="$make -f $makefile $target &gt; $(CMD_NULL)" />
				</MakeCommands>
			</Target>
			<Target title="cia">
				<Option type="4" />
				<Option compiler="gcc" />
				<MakeCommands>
					<Build command="$make -f $makefile $target" />
					<CompileFile command="$make -f $makefile source/$file" />
					<Clean command="$make -f $makefile clean" />
					<DistClean command="$make -f $makefile distclean$target" />
					<AskRebuildNeeded command="$make -q -f $makefile $target" />
					<SilentBuild command="$make -f $makefile $target &gt; $(CMD_NULL)" />
				</MakeCommands>
			</Target>
			<Target title="3ds">
				<Option type="4" />
				<Option compiler="gcc" />
				<MakeCommands>
					<Build command="$make -f $makefile $target" />
					<CompileFile command="$make -f $makefile source/$file" />
					<Clean command="$make -f $makefile clean" />
					<DistClean command="$make -f $makefile distclean$target" />
					<AskRebuildNeeded command="$make -q -f $makefile $target" />
					<SilentBuild command="$make -f $makefile $target &gt; $(CMD_NULL)" />
				</MakeCommands>
			</Target>
			<Target title="elf">
				<Option type="4" />
				<Option compiler="gcc" />
				<MakeCommands>
					<Build command="$make -f $makefile $target" />
					<CompileFile command="$make -f $makefile source/$file" />
					<Clean command="$make -f $makefile clean" />
					<DistClean command="$make -f $makefile distclean$target" />
					<AskRebuildNeeded command="$make -q -f $makefile $target" />
					<SilentBuild command="$make -f $makefile $target &gt; $(CMD_NULL)" />
				</MakeCommands>
			</Target>
			<Target title="citra">
				<Option type="4" />
				<Option compiler="gcc" />
				<MakeCommands>
					<Build command="$make -f $makefile $target" />
					<CompileFile command="$make -f $makefile source/$file" />
					<Clean command="$make -f $makefile clean" />
					<DistClean command="$make -f $makefile distclean$target" />
					<AskRebuildNeeded command="$make -q -f $makefile $target" />
					<SilentBuild command="$make -f $makefile $target &gt; $(CMD_NULL)" />
				</MakeCommands>
			</Target>
			<Target title="3dsxlink">
				<Option type="4" />
				<Option compiler="gcc" />
				<Compiler>
					<Add option="-O2" />
				</Compiler>
				<Linker>
					<Add option="-s" />
				</Linker>
				<MakeCommands>
					<Build command="$make -f $makefile $target" />
					<CompileFile command="$make -f $makefile source/$file" />
					<Clean command="$make -f $makefile clean" />
					<DistClean command="$make -f $makefile distclean$target" />
					<AskRebuildNeeded command="$make -q -f $makefile $target" />
					<SilentBuild command="$make -f $makefile $target &gt; $(CMD_NULL)" />
				</MakeCommands>
			</Target>
			<Target title="spunch">
				<Option type="4" />
				<Option compiler="gcc" />
				<Compiler>
					<Add option="-O2" />
				</Compiler>
				<Linker>
					<Add option="-s" />
				</Linker>
				<MakeCommands>
					<Build command="$make -f $makefile $target" />
					<CompileFile command="$make -f $makefile source/$file" />
					<Clean command="$make -f $makefile clean" />
					<DistClean command="$make -f $makefile distclean$target" />
					<AskRebuildNeeded command="$make -q -f $makefile $target" />
					<SilentBuild command="$make -f $makefile $target &gt; $(CMD_NULL)" />
				</MakeCommands>
			</Target>
		</Build>
		<Compiler>
			<Add option="-Wall" />
		</Compiler>
		<Unit filename="Makefile">
			<Option target="3dsx" />
			<Option target="citra" />
			<Option target="3dsxlink" />
			<Option target="spunch" />
		</Unit>
		<Unit filename="resources/AppInfo" />
		<Unit filename="source/main.cpp">
			<Option target="3dsx" />
			<Option target="citra" />
			<Option target="3dsxlink" />
			<Option target="spunch" />
		</Unit>
		<Extensions>
			<code_completion />
			<envvars />
			<lib_finder disable_auto="1" />
			<debugger />
		</Extensions>
	</Project>
</CodeBlocks_project_file>
